
Microsoft Visual Studio Solution File, Format Version 12.00
# Visual Studio Version 17
VisualStudioVersion = 17.8.34511.84
MinimumVisualStudioVersion = 10.0.40219.1
Project("{9A19103F-16F7-4668-BE54-9A1E7A4F7556}") = "Api", "Api\Api.csproj", "{DBDAF157-72E9-451D-A176-FD34A212AEE0}"
EndProject
Project("{9A19103F-16F7-4668-BE54-9A1E7A4F7556}") = "Domain", "Domain\Domain.csproj", "{9546E890-73D2-4D56-90D7-6150E0D3B910}"
EndProject
Project("{9A19103F-16F7-4668-BE54-9A1E7A4F7556}") = "Infrastructure", "Infrastructure\Infrastructure.csproj", "{69218275-550D-4DB0-95C9-E6A00A9B6E7B}"
EndProject
Global
	GlobalSection(SolutionConfigurationPlatforms) = preSolution
		Debug|Any CPU = Debug|Any CPU
		Release|Any CPU = Release|Any CPU
	EndGlobalSection
	GlobalSection(ProjectConfigurationPlatforms) = postSolution
		{DBDAF157-72E9-451D-A176-FD34A212AEE0}.Debug|Any CPU.ActiveCfg = Debug|Any CPU
		{DBDAF157-72E9-451D-A176-FD34A212AEE0}.Debug|Any CPU.Build.0 = Debug|Any CPU
		{DBDAF157-72E9-451D-A176-FD34A212AEE0}.Release|Any CPU.ActiveCfg = Release|Any CPU
		{DBDAF157-72E9-451D-A176-FD34A212AEE0}.Release|Any CPU.Build.0 = Release|Any CPU
		{9546E890-73D2-4D56-90D7-6150E0D3B910}.Debug|Any CPU.ActiveCfg = Debug|Any CPU
		{9546E890-73D2-4D56-90D7-6150E0D3B910}.Debug|Any CPU.Build.0 = Debug|Any CPU
		{9546E890-73D2-4D56-90D7-6150E0D3B910}.Release|Any CPU.ActiveCfg = Release|Any CPU
		{9546E890-73D2-4D56-90D7-6150E0D3B910}.Release|Any CPU.Build.0 = Release|Any CPU
		{69218275-550D-4DB0-95C9-E6A00A9B6E7B}.Debug|Any CPU.ActiveCfg = Debug|Any CPU
		{69218275-550D-4DB0-95C9-E6A00A9B6E7B}.Debug|Any CPU.Build.0 = Debug|Any CPU
		{69218275-550D-4DB0-95C9-E6A00A9B6E7B}.Release|Any CPU.ActiveCfg = Release|Any CPU
		{69218275-550D-4DB0-95C9-E6A00A9B6E7B}.Release|Any CPU.Build.0 = Release|Any CPU
	EndGlobalSection
	GlobalSection(SolutionProperties) = preSolution
		HideSolutionNode = FALSE
	EndGlobalSection
	GlobalSection(ExtensibilityGlobals) = postSolution
		SolutionGuid = {8634C166-75BC-4702-AF97-B37454B0C3B5}
	EndGlobalSection
EndGlobal
